<?xml version="1.0" encoding="utf-8"?>
<Project ToolsVersion="4.0" xmlns="http://schemas.microsoft.com/developer/msbuild/2003">
  <ItemGroup>
    <Filter Include="Source Files">
      <UniqueIdentifier>{4FC737F1-C7A5-4376-A066-2A32D752A2FF}</UniqueIdentifier>
      <Extensions>cpp;c;cc;cxx;def;odl;idl;hpj;bat;asm;asmx</Extensions>
    </Filter>
    <Filter Include="Header Files">
      <UniqueIdentifier>{93995380-89BD-4b04-88EB-625FBE52EBFB}</UniqueIdentifier>
      <Extensions>h;hpp;hxx;hm;inl;inc;xsd</Extensions>
    </Filter>
    <Filter Include="Resource Files">
      <UniqueIdentifier>{67DA6AB6-F800-4c08-8B7A-83BB121AAD01}</UniqueIdentifier>
      <Extensions>rc;ico;cur;bmp;dlg;rc2;rct;bin;rgs;gif;jpg;jpeg;jpe;resx;tiff;tif;png;wav;mfcribbon-ms</Extensions>
    </Filter>
    <Filter Include="GraphBasedSegment">
      <UniqueIdentifier>{43fd2a0d-7609-45a4-8997-cc91d06df8a7}</UniqueIdentifier>
    </Filter>
  </ItemGroup>
  <ItemGroup>
    <ClInclude Include="GraphBasedSegment\convolve.h">
      <Filter>GraphBasedSegment</Filter>
    </ClInclude>
    <ClInclude Include="GraphBasedSegment\disjoint-set.h">
      <Filter>GraphBasedSegment</Filter>
    </ClInclude>
    <ClInclude Include="GraphBasedSegment\filter.h">
      <Filter>GraphBasedSegment</Filter>
    </ClInclude>
    <ClInclude Include="GraphBasedSegment\image.h">
      <Filter>GraphBasedSegment</Filter>
    </ClInclude>
    <ClInclude Include="GraphBasedSegment\imconv.h">
      <Filter>GraphBasedSegment</Filter>
    </ClInclude>
    <ClInclude Include="GraphBasedSegment\imutil.h">
      <Filter>GraphBasedSegment</Filter>
    </ClInclude>
    <ClInclude Include="GraphBasedSegment\misc.h">
      <Filter>GraphBasedSegment</Filter>
    </ClInclude>
    <ClInclude Include="GraphBasedSegment\pnmfile.h">
      <Filter>GraphBasedSegment</Filter>
    </ClInclude>
    <ClInclude Include="GraphBasedSegment\segment-graph.h">
      <Filter>GraphBasedSegment</Filter>
    </ClInclude>
    <ClInclude Include="GraphBasedSegment\segment-image.h">
      <Filter>GraphBasedSegment</Filter>
    </ClInclude>
    <ClInclude Include="GraphBasedSegment\wrapper.h">
      <Filter>GraphBasedSegment</Filter>
    </ClInclude>
    <ClInclude Include="..\..\..\RGBDMaze\RGBDObjSegmentation\RGBDObjSegmentation\ImageSegmentor.h">
      <Filter>Header Files</Filter>
    </ClInclude>
    <ClInclude Include="..\..\..\RGBDMaze\RGBDObjSegmentation\RGBDObjSegmentation\RGBDTools.h">
      <Filter>Header Files</Filter>
    </ClInclude>
    <ClInclude Include="..\..\..\RGBDMaze\RGBDObjSegmentation\RGBDObjSegmentation\RGBDSegmentor.h">
      <Filter>Header Files</Filter>
    </ClInclude>
  </ItemGroup>
  <ItemGroup>
    <ClCompile Include="GraphBasedSegment\wrapper.cpp">
      <Filter>GraphBasedSegment</Filter>
    </ClCompile>
    <ClCompile Include="main.cpp">
      <Filter>Source Files</Filter>
    </ClCompile>
    <ClCompile Include="..\..\..\RGBDMaze\RGBDObjSegmentation\RGBDObjSegmentation\ImageSegmentor.cpp">
      <Filter>Source Files</Filter>
    </ClCompile>
    <ClCompile Include="..\..\..\RGBDMaze\RGBDObjSegmentation\RGBDObjSegmentation\RGBDTools.cpp">
      <Filter>Source Files</Filter>
    </ClCompile>
    <ClCompile Include="..\..\..\RGBDMaze\RGBDObjSegmentation\RGBDObjSegmentation\RGBDSegmentor.cpp">
      <Filter>Source Files</Filter>
    </ClCompile>
  </ItemGroup>
</Project>