<?xml version="1.0" encoding="utf-8"?>
<Project ToolsVersion="4.0" xmlns="http://schemas.microsoft.com/developer/msbuild/2003">
  <ItemGroup>
    <Filter Include="Source Files">
      <UniqueIdentifier>{4FC737F1-C7A5-4376-A066-2A32D752A2FF}</UniqueIdentifier>
      <Extensions>cpp;c;cc;cxx;def;odl;idl;hpj;bat;asm;asmx</Extensions>
    </Filter>
    <Filter Include="Header Files">
      <UniqueIdentifier>{93995380-89BD-4b04-88EB-625FBE52EBFB}</UniqueIdentifier>
      <Extensions>h;hpp;hxx;hm;inl;inc;xsd</Extensions>
    </Filter>
    <Filter Include="Resource Files">
      <UniqueIdentifier>{67DA6AB6-F800-4c08-8B7A-83BB121AAD01}</UniqueIdentifier>
      <Extensions>rc;ico;cur;bmp;dlg;rc2;rct;bin;rgs;gif;jpg;jpeg;jpe;resx;tiff;tif;png;wav;mfcribbon-ms</Extensions>
    </Filter>
    <Filter Include="a9wins">
      <UniqueIdentifier>{1e4ef555-1f22-4180-be33-7f226214aea7}</UniqueIdentifier>
    </Filter>
    <Filter Include="DataManager">
      <UniqueIdentifier>{0a009577-af64-4503-9705-f0d36b751dc6}</UniqueIdentifier>
    </Filter>
  </ItemGroup>
  <ItemGroup>
    <ClInclude Include="a9wins\DisjointSet.h">
      <Filter>a9wins</Filter>
    </ClInclude>
    <ClInclude Include="a9wins\Rectangle.h">
      <Filter>a9wins</Filter>
    </ClInclude>
    <ClInclude Include="a9wins\SmartWindowing.h">
      <Filter>a9wins</Filter>
    </ClInclude>
    <ClInclude Include="common.h">
      <Filter>Header Files</Filter>
    </ClInclude>
    <ClInclude Include="ImgVisualizer.h">
      <Filter>Header Files</Filter>
    </ClInclude>
    <ClInclude Include="GenericObjectDetector.h">
      <Filter>Header Files</Filter>
    </ClInclude>
    <ClInclude Include="ShapeAnalyzer.h">
      <Filter>Header Files</Filter>
    </ClInclude>
    <ClInclude Include="DataManager\DataManagerInterface.h">
      <Filter>DataManager</Filter>
    </ClInclude>
    <ClInclude Include="DataManager\Berkeley3DDataManager.h">
      <Filter>DataManager</Filter>
    </ClInclude>
    <ClInclude Include="DataManager\VOCDataManager.h">
      <Filter>DataManager</Filter>
    </ClInclude>
    <ClInclude Include="DataManager\DatasetManager.h">
      <Filter>DataManager</Filter>
    </ClInclude>
  </ItemGroup>
  <ItemGroup>
    <ClCompile Include="main.cpp">
      <Filter>Source Files</Filter>
    </ClCompile>
    <ClCompile Include="a9wins\Rectangle.cpp">
      <Filter>a9wins</Filter>
    </ClCompile>
    <ClCompile Include="a9wins\SmartWindowing.cpp">
      <Filter>a9wins</Filter>
    </ClCompile>
    <ClCompile Include="ImgVisualizer.cpp">
      <Filter>Source Files</Filter>
    </ClCompile>
    <ClCompile Include="GenericObjectDetector.cpp">
      <Filter>Source Files</Filter>
    </ClCompile>
    <ClCompile Include="ShapeAnalyzer.cpp">
      <Filter>Source Files</Filter>
    </ClCompile>
    <ClCompile Include="DataManager\Berkeley3DDataManager.cpp">
      <Filter>DataManager</Filter>
    </ClCompile>
    <ClCompile Include="DataManager\VOCDataManager.cpp">
      <Filter>DataManager</Filter>
    </ClCompile>
    <ClCompile Include="DataManager\DatasetManager.cpp">
      <Filter>DataManager</Filter>
    </ClCompile>
  </ItemGroup>
</Project>