<?xml version="1.0" encoding="utf-8"?>
<Project ToolsVersion="4.0" xmlns="http://schemas.microsoft.com/developer/msbuild/2003">
  <ItemGroup>
    <Filter Include="Source Files">
      <UniqueIdentifier>{4FC737F1-C7A5-4376-A066-2A32D752A2FF}</UniqueIdentifier>
      <Extensions>cpp;c;cc;cxx;def;odl;idl;hpj;bat;asm;asmx</Extensions>
    </Filter>
    <Filter Include="Header Files">
      <UniqueIdentifier>{93995380-89BD-4b04-88EB-625FBE52EBFB}</UniqueIdentifier>
      <Extensions>h;hpp;hxx;hm;inl;inc;xsd</Extensions>
    </Filter>
    <Filter Include="Resource Files">
      <UniqueIdentifier>{67DA6AB6-F800-4c08-8B7A-83BB121AAD01}</UniqueIdentifier>
      <Extensions>rc;ico;cur;bmp;dlg;rc2;rct;bin;rgs;gif;jpg;jpeg;jpe;resx;tiff;tif;png;wav</Extensions>
    </Filter>
    <Filter Include="HelpFunc">
      <UniqueIdentifier>{ab948912-e4f1-4951-9fd2-54fe6638d11d}</UniqueIdentifier>
    </Filter>
    <Filter Include="Segmentation">
      <UniqueIdentifier>{fa221e8f-7d8d-4b16-8545-0db51c23bb9b}</UniqueIdentifier>
    </Filter>
  </ItemGroup>
  <ItemGroup>
    <ClCompile Include="ImgSaliencyMain.cpp">
      <Filter>Source Files</Filter>
    </ClCompile>
    <ClCompile Include="Saliency.cpp">
      <Filter>Source Files</Filter>
    </ClCompile>
    <ClCompile Include="stdafx.cpp">
      <Filter>Source Files</Filter>
    </ClCompile>
    <ClCompile Include="HelpFunc\CmFile.cpp">
      <Filter>HelpFunc</Filter>
    </ClCompile>
    <ClCompile Include="HelpFunc\CmLog.cpp">
      <Filter>HelpFunc</Filter>
    </ClCompile>
    <ClCompile Include="HelpFunc\CmTimer.cpp">
      <Filter>HelpFunc</Filter>
    </ClCompile>
    <ClCompile Include="Segmentation\segment-image.cpp">
      <Filter>Segmentation</Filter>
    </ClCompile>
  </ItemGroup>
  <ItemGroup>
    <ClInclude Include="Saliency.h">
      <Filter>Header Files</Filter>
    </ClInclude>
    <ClInclude Include="stdafx.h">
      <Filter>Header Files</Filter>
    </ClInclude>
    <ClInclude Include="HelpFunc\CmFile.h">
      <Filter>HelpFunc</Filter>
    </ClInclude>
    <ClInclude Include="HelpFunc\CmLog.h">
      <Filter>HelpFunc</Filter>
    </ClInclude>
    <ClInclude Include="HelpFunc\CmTimer.h">
      <Filter>HelpFunc</Filter>
    </ClInclude>
    <ClInclude Include="Segmentation\disjoint-set.h">
      <Filter>Segmentation</Filter>
    </ClInclude>
    <ClInclude Include="Segmentation\segment-graph.h">
      <Filter>Segmentation</Filter>
    </ClInclude>
    <ClInclude Include="Segmentation\segment-image.h">
      <Filter>Segmentation</Filter>
    </ClInclude>
  </ItemGroup>
</Project>