
Microsoft Visual Studio Solution File, Format Version 12.00
# Visual Studio 2012
Project("{8BC9CEB8-8B4A-11D0-8D11-00A0C91BC942}") = "SmartWindows", "SmartWindows\SmartWindows.vcxproj", "{15A3B531-D69E-4A4B-B882-17803A9B8935}"
EndProject
Global
	GlobalSection(SolutionConfigurationPlatforms) = preSolution
		Debug|Win32 = Debug|Win32
		Release|Win32 = Release|Win32
	EndGlobalSection
	GlobalSection(ProjectConfigurationPlatforms) = postSolution
		{15A3B531-D69E-4A4B-B882-17803A9B8935}.Debug|Win32.ActiveCfg = Debug|Win32
		{15A3B531-D69E-4A4B-B882-17803A9B8935}.Debug|Win32.Build.0 = Debug|Win32
		{15A3B531-D69E-4A4B-B882-17803A9B8935}.Release|Win32.ActiveCfg = Release|Win32
		{15A3B531-D69E-4A4B-B882-17803A9B8935}.Release|Win32.Build.0 = Release|Win32
	EndGlobalSection
	GlobalSection(SolutionProperties) = preSolution
		HideSolutionNode = FALSE
	EndGlobalSection
EndGlobal
