<?xml version="1.0" encoding="utf-8"?>
<Project ToolsVersion="4.0" xmlns="http://schemas.microsoft.com/developer/msbuild/2003">
  <ItemGroup>
    <Filter Include="Source Files">
      <UniqueIdentifier>{4FC737F1-C7A5-4376-A066-2A32D752A2FF}</UniqueIdentifier>
      <Extensions>cpp;c;cc;cxx;def;odl;idl;hpj;bat;asm;asmx</Extensions>
    </Filter>
    <Filter Include="Header Files">
      <UniqueIdentifier>{93995380-89BD-4b04-88EB-625FBE52EBFB}</UniqueIdentifier>
      <Extensions>h;hpp;hxx;hm;inl;inc;xsd</Extensions>
    </Filter>
    <Filter Include="Resource Files">
      <UniqueIdentifier>{67DA6AB6-F800-4c08-8B7A-83BB121AAD01}</UniqueIdentifier>
      <Extensions>rc;ico;cur;bmp;dlg;rc2;rct;bin;rgs;gif;jpg;jpeg;jpe;resx;tiff;tif;png;wav;mfcribbon-ms</Extensions>
    </Filter>
    <Filter Include="GraphSegment">
      <UniqueIdentifier>{1e46f0c9-6119-43c5-964d-afebbd679b70}</UniqueIdentifier>
    </Filter>
    <Filter Include="DataManager">
      <UniqueIdentifier>{ef75734e-85ec-467f-aca1-6b0ad32b0ef5}</UniqueIdentifier>
    </Filter>
    <Filter Include="Features">
      <UniqueIdentifier>{263f2223-4c43-42fe-a4c9-5371ff4faaec}</UniqueIdentifier>
    </Filter>
  </ItemGroup>
  <ItemGroup>
    <Text Include="ReadMe.txt" />
  </ItemGroup>
  <ItemGroup>
    <ClInclude Include="targetver.h">
      <Filter>Header Files</Filter>
    </ClInclude>
    <ClInclude Include="IterativeSegmentor.h">
      <Filter>Header Files</Filter>
    </ClInclude>
    <ClInclude Include="SegmentProcessor.h">
      <Filter>Header Files</Filter>
    </ClInclude>
    <ClInclude Include="..\Shared\Common\common_libs.h">
      <Filter>Header Files</Filter>
    </ClInclude>
    <ClInclude Include="..\Shared\Common\Tools.h">
      <Filter>Header Files</Filter>
    </ClInclude>
    <ClInclude Include="..\Shared\GraphBasedSegmentor\disjoint-set.h">
      <Filter>GraphSegment</Filter>
    </ClInclude>
    <ClInclude Include="..\Shared\GraphBasedSegmentor\segment-graph.h">
      <Filter>GraphSegment</Filter>
    </ClInclude>
    <ClInclude Include="..\Shared\GraphBasedSegmentor\segment-image.h">
      <Filter>GraphSegment</Filter>
    </ClInclude>
    <ClInclude Include="..\Shared\Processors\ImageSegmentor.h">
      <Filter>Header Files</Filter>
    </ClInclude>
    <ClInclude Include="..\Shared\DataManager\DataManagerInterface.h">
      <Filter>DataManager</Filter>
    </ClInclude>
    <ClInclude Include="..\Shared\DataManager\NYUDepth2DataMan.h">
      <Filter>DataManager</Filter>
    </ClInclude>
    <ClInclude Include="..\Shared\Features\ColorDescriptors.h">
      <Filter>Features</Filter>
    </ClInclude>
    <ClInclude Include="..\Shared\Features\EdgeHistogram.h">
      <Filter>Features</Filter>
    </ClInclude>
    <ClInclude Include="..\Shared\Features\DepthDescriptors.h">
      <Filter>Features</Filter>
    </ClInclude>
    <ClInclude Include="ObjSegmentProposal.h">
      <Filter>Header Files</Filter>
    </ClInclude>
    <ClInclude Include="..\Shared\Processors\ShapeAnalyzer.h">
      <Filter>Header Files</Filter>
    </ClInclude>
    <ClInclude Include="..\Shared\Processors\Saliency\SaliencyComputer.h">
      <Filter>Header Files</Filter>
    </ClInclude>
    <ClInclude Include="..\Shared\Processors\Saliency\GlobalContrastSaliency.h">
      <Filter>Header Files</Filter>
    </ClInclude>
    <ClInclude Include="ObjectRanker.h">
      <Filter>Header Files</Filter>
    </ClInclude>
    <ClInclude Include="..\Shared\GraphBasedSegmentor\filter.h">
      <Filter>GraphSegment</Filter>
    </ClInclude>
    <ClInclude Include="..\Shared\GraphBasedSegmentor\image.h">
      <Filter>GraphSegment</Filter>
    </ClInclude>
    <ClInclude Include="..\Shared\GraphBasedSegmentor\misc.h">
      <Filter>GraphSegment</Filter>
    </ClInclude>
    <ClInclude Include="..\Shared\GraphBasedSegmentor\convolve.h">
      <Filter>GraphSegment</Filter>
    </ClInclude>
    <ClInclude Include="..\Shared\GraphBasedSegmentor\imconv.h">
      <Filter>GraphSegment</Filter>
    </ClInclude>
    <ClInclude Include="..\Shared\GraphBasedSegmentor\imutil.h">
      <Filter>GraphSegment</Filter>
    </ClInclude>
  </ItemGroup>
  <ItemGroup>
    <ClCompile Include="IterativeSegmentor.cpp">
      <Filter>Source Files</Filter>
    </ClCompile>
    <ClCompile Include="main.cpp">
      <Filter>Source Files</Filter>
    </ClCompile>
    <ClCompile Include="SegmentProcessor.cpp">
      <Filter>Source Files</Filter>
    </ClCompile>
    <ClCompile Include="..\Shared\Common\Tools.cpp">
      <Filter>Source Files</Filter>
    </ClCompile>
    <ClCompile Include="..\Shared\Processors\ImageSegmentor.cpp">
      <Filter>Source Files</Filter>
    </ClCompile>
    <ClCompile Include="..\Shared\DataManager\NYUDepth2DataMan.cpp">
      <Filter>DataManager</Filter>
    </ClCompile>
    <ClCompile Include="..\Shared\Features\ColorDescriptors.cpp">
      <Filter>Features</Filter>
    </ClCompile>
    <ClCompile Include="..\Shared\Features\EdgeHistogram.cpp">
      <Filter>Features</Filter>
    </ClCompile>
    <ClCompile Include="..\Shared\Features\DepthDescriptors.cpp">
      <Filter>Features</Filter>
    </ClCompile>
    <ClCompile Include="ObjSegmentProposal.cpp">
      <Filter>Source Files</Filter>
    </ClCompile>
    <ClCompile Include="..\Shared\Processors\ShapeAnalyzer.cpp">
      <Filter>Source Files</Filter>
    </ClCompile>
    <ClCompile Include="..\Shared\Processors\Saliency\SaliencyComputer.cpp">
      <Filter>Source Files</Filter>
    </ClCompile>
    <ClCompile Include="..\Shared\Processors\Saliency\GlobalContrastSaliency.cpp">
      <Filter>Source Files</Filter>
    </ClCompile>
    <ClCompile Include="ObjectRanker.cpp">
      <Filter>Source Files</Filter>
    </ClCompile>
  </ItemGroup>
</Project>