<?xml version="1.0" encoding="utf-8"?>
<Project ToolsVersion="4.0" xmlns="http://schemas.microsoft.com/developer/msbuild/2003">
  <ItemGroup>
    <Filter Include="Source Files">
      <UniqueIdentifier>{4FC737F1-C7A5-4376-A066-2A32D752A2FF}</UniqueIdentifier>
      <Extensions>cpp;c;cc;cxx;def;odl;idl;hpj;bat;asm;asmx</Extensions>
    </Filter>
    <Filter Include="Header Files">
      <UniqueIdentifier>{93995380-89BD-4b04-88EB-625FBE52EBFB}</UniqueIdentifier>
      <Extensions>h;hpp;hxx;hm;inl;inc;xsd</Extensions>
    </Filter>
    <Filter Include="Resource Files">
      <UniqueIdentifier>{67DA6AB6-F800-4c08-8B7A-83BB121AAD01}</UniqueIdentifier>
      <Extensions>rc;ico;cur;bmp;dlg;rc2;rct;bin;rgs;gif;jpg;jpeg;jpe;resx;tiff;tif;png;wav;mfcribbon-ms</Extensions>
    </Filter>
    <Filter Include="Library">
      <UniqueIdentifier>{ba53245a-f7a7-4727-89f2-11f1374b3999}</UniqueIdentifier>
    </Filter>
    <Filter Include="Library\segmentation">
      <UniqueIdentifier>{cc77734b-77a4-4fef-a0ce-449cd590c5c5}</UniqueIdentifier>
    </Filter>
    <Filter Include="Library\others">
      <UniqueIdentifier>{145325b7-7f6b-4a43-b33b-8a8ed8d68e4b}</UniqueIdentifier>
    </Filter>
  </ItemGroup>
  <ItemGroup>
    <Text Include="ReadMe.txt" />
  </ItemGroup>
  <ItemGroup>
    <ClInclude Include="targetver.h">
      <Filter>Header Files</Filter>
    </ClInclude>
    <ClInclude Include="ObjSegmentProposal.h">
      <Filter>Header Files</Filter>
    </ClInclude>
    <ClInclude Include="ObjectRanker.h">
      <Filter>Header Files</Filter>
    </ClInclude>
    <ClInclude Include="ObjProposalDemo.h">
      <Filter>Header Files</Filter>
    </ClInclude>
    <ClInclude Include="..\..\..\VisualSearchEngine\VisualSearchEngine\Engine\Processors\Segmentation\ImageSegmentor.h">
      <Filter>Library\segmentation</Filter>
    </ClInclude>
    <ClInclude Include="..\..\..\VisualSearchEngine\VisualSearchEngine\Engine\Processors\Segmentation\IterativeSegmentor.h">
      <Filter>Library\segmentation</Filter>
    </ClInclude>
    <ClInclude Include="..\..\..\VisualSearchEngine\VisualSearchEngine\Engine\Processors\Segmentation\SegmentProcessor.h">
      <Filter>Library\segmentation</Filter>
    </ClInclude>
    <ClInclude Include="..\..\..\VisualSearchEngine\VisualSearchEngine\Engine\Processors\Attention\BingObjectness.h">
      <Filter>Library\others</Filter>
    </ClInclude>
    <ClInclude Include="..\..\..\VisualSearchEngine\VisualSearchEngine\Engine\Processors\Attention\Bing\CmFile.h">
      <Filter>Library\others</Filter>
    </ClInclude>
    <ClInclude Include="..\..\..\VisualSearchEngine\VisualSearchEngine\Engine\Processors\Attention\Bing\CmShow.h">
      <Filter>Library\others</Filter>
    </ClInclude>
    <ClInclude Include="..\..\..\VisualSearchEngine\VisualSearchEngine\Engine\Processors\Attention\Bing\CmTimer.h">
      <Filter>Library\others</Filter>
    </ClInclude>
    <ClInclude Include="..\..\..\VisualSearchEngine\VisualSearchEngine\Engine\Processors\Attention\Bing\common_bing.h">
      <Filter>Library\others</Filter>
    </ClInclude>
    <ClInclude Include="..\..\..\VisualSearchEngine\VisualSearchEngine\Engine\Common\common_libs.h">
      <Filter>Library\others</Filter>
    </ClInclude>
    <ClInclude Include="..\..\..\VisualSearchEngine\VisualSearchEngine\Engine\Processors\Attention\Bing\DataSetVOC.h">
      <Filter>Library\others</Filter>
    </ClInclude>
    <ClInclude Include="..\..\..\VisualSearchEngine\VisualSearchEngine\Engine\Processors\Attention\Bing\FilterTIG.h">
      <Filter>Library\others</Filter>
    </ClInclude>
    <ClInclude Include="..\..\..\VisualSearchEngine\VisualSearchEngine\Engine\Processors\Attention\Bing\ImgContrastBB.h">
      <Filter>Library\others</Filter>
    </ClInclude>
    <ClInclude Include="..\..\..\VisualSearchEngine\VisualSearchEngine\Engine\Processors\Attention\Bing\Objectness.h">
      <Filter>Library\others</Filter>
    </ClInclude>
    <ClInclude Include="..\..\..\VisualSearchEngine\VisualSearchEngine\Engine\Processors\Attention\Bing\ValStructVec.h">
      <Filter>Library\others</Filter>
    </ClInclude>
    <ClInclude Include="..\..\..\VisualSearchEngine\VisualSearchEngine\Engine\IO\Dataset\DataManagerInterface.h">
      <Filter>Library\others</Filter>
    </ClInclude>
    <ClInclude Include="..\..\..\VisualSearchEngine\VisualSearchEngine\Engine\Features\DepthDescriptors.h">
      <Filter>Library\segmentation</Filter>
    </ClInclude>
    <ClInclude Include="Tester.h">
      <Filter>Header Files</Filter>
    </ClInclude>
    <ClInclude Include="common3d.h">
      <Filter>Header Files</Filter>
    </ClInclude>
    <ClInclude Include="Feature3D.h">
      <Filter>Header Files</Filter>
    </ClInclude>
    <ClInclude Include="PCLManager.h">
      <Filter>Header Files</Filter>
    </ClInclude>
  </ItemGroup>
  <ItemGroup>
    <ClCompile Include="main.cpp">
      <Filter>Source Files</Filter>
    </ClCompile>
    <ClCompile Include="ObjSegmentProposal.cpp">
      <Filter>Source Files</Filter>
    </ClCompile>
    <ClCompile Include="ObjectRanker.cpp">
      <Filter>Source Files</Filter>
    </ClCompile>
    <ClCompile Include="ObjProposalDemo.cpp">
      <Filter>Source Files</Filter>
    </ClCompile>
    <ClCompile Include="..\..\..\VisualSearchEngine\VisualSearchEngine\Engine\Processors\Segmentation\ImageSegmentor.cpp">
      <Filter>Library\segmentation</Filter>
    </ClCompile>
    <ClCompile Include="..\..\..\VisualSearchEngine\VisualSearchEngine\Engine\Processors\Segmentation\SegmentProcessor.cpp">
      <Filter>Library\segmentation</Filter>
    </ClCompile>
    <ClCompile Include="..\..\..\VisualSearchEngine\VisualSearchEngine\Engine\Processors\Attention\BingObjectness.cpp">
      <Filter>Library\others</Filter>
    </ClCompile>
    <ClCompile Include="..\..\..\VisualSearchEngine\VisualSearchEngine\Engine\Processors\Attention\Bing\CmFile.cpp">
      <Filter>Library\others</Filter>
    </ClCompile>
    <ClCompile Include="..\..\..\VisualSearchEngine\VisualSearchEngine\Engine\Processors\Attention\Bing\CmShow.cpp">
      <Filter>Library\others</Filter>
    </ClCompile>
    <ClCompile Include="..\..\..\VisualSearchEngine\VisualSearchEngine\Engine\Features\Color\ColorDescriptors.cpp">
      <Filter>Library\others</Filter>
    </ClCompile>
    <ClCompile Include="..\..\..\VisualSearchEngine\VisualSearchEngine\Engine\Processors\Attention\Bing\common_bing.cpp">
      <Filter>Library\others</Filter>
    </ClCompile>
    <ClCompile Include="..\..\..\VisualSearchEngine\VisualSearchEngine\Engine\Processors\Attention\Bing\DataSetVOC.cpp">
      <Filter>Library\others</Filter>
    </ClCompile>
    <ClCompile Include="..\..\..\VisualSearchEngine\VisualSearchEngine\Engine\Learners\SVM\LibLinear\blas\daxpy.c">
      <Filter>Library\others</Filter>
    </ClCompile>
    <ClCompile Include="..\..\..\VisualSearchEngine\VisualSearchEngine\Engine\Learners\SVM\LibLinear\blas\ddot.c">
      <Filter>Library\others</Filter>
    </ClCompile>
    <ClCompile Include="..\..\..\VisualSearchEngine\VisualSearchEngine\Engine\Learners\SVM\LibLinear\blas\dnrm2.c">
      <Filter>Library\others</Filter>
    </ClCompile>
    <ClCompile Include="..\..\..\VisualSearchEngine\VisualSearchEngine\Engine\Learners\SVM\LibLinear\blas\dscal.c">
      <Filter>Library\others</Filter>
    </ClCompile>
    <ClCompile Include="..\..\..\VisualSearchEngine\VisualSearchEngine\Engine\Features\Texture\EdgeHistogram.cpp">
      <Filter>Library\others</Filter>
    </ClCompile>
    <ClCompile Include="..\..\..\VisualSearchEngine\VisualSearchEngine\Engine\Processors\Attention\Bing\FilterTIG.cpp">
      <Filter>Library\others</Filter>
    </ClCompile>
    <ClCompile Include="..\..\..\VisualSearchEngine\VisualSearchEngine\Engine\Processors\Attention\GlobalContrastSaliency.cpp">
      <Filter>Library\others</Filter>
    </ClCompile>
    <ClCompile Include="..\..\..\VisualSearchEngine\VisualSearchEngine\Engine\Common\Tools\ImgVisualizer.cpp">
      <Filter>Library\others</Filter>
    </ClCompile>
    <ClCompile Include="..\..\..\VisualSearchEngine\VisualSearchEngine\Engine\IO\Camera\KinectDataMan.cpp">
      <Filter>Library\others</Filter>
    </ClCompile>
    <ClCompile Include="..\..\..\VisualSearchEngine\VisualSearchEngine\Engine\Processors\Attention\Bing\Objectness.cpp">
      <Filter>Library\others</Filter>
    </ClCompile>
    <ClCompile Include="..\..\..\VisualSearchEngine\VisualSearchEngine\Engine\IO\Camera\Kinect\OpenCVFrameHelper.cpp">
      <Filter>Library\others</Filter>
    </ClCompile>
    <ClCompile Include="..\..\..\VisualSearchEngine\VisualSearchEngine\Engine\Processors\Attention\SaliencyComputer.cpp">
      <Filter>Library\others</Filter>
    </ClCompile>
    <ClCompile Include="..\..\..\VisualSearchEngine\VisualSearchEngine\Engine\Learners\SVM\LibLinear\tron.cpp">
      <Filter>Library\others</Filter>
    </ClCompile>
    <ClCompile Include="..\..\..\VisualSearchEngine\VisualSearchEngine\Engine\Learners\SVM\LibLinear\linear.cpp">
      <Filter>Library\others</Filter>
    </ClCompile>
    <ClCompile Include="..\..\..\VisualSearchEngine\VisualSearchEngine\Engine\IO\Dataset\DatasetIO.cpp">
      <Filter>Library\others</Filter>
    </ClCompile>
    <ClCompile Include="..\..\..\VisualSearchEngine\VisualSearchEngine\Engine\Features\DepthDescriptors.cpp">
      <Filter>Library\segmentation</Filter>
    </ClCompile>
    <ClCompile Include="..\..\..\VisualSearchEngine\VisualSearchEngine\Engine\Common\Tools\RGBDTools.cpp">
      <Filter>Library\others</Filter>
    </ClCompile>
    <ClCompile Include="..\..\..\VisualSearchEngine\VisualSearchEngine\Engine\Learners\RandomTrees\RandomForest.cpp">
      <Filter>Library\others</Filter>
    </ClCompile>
    <ClCompile Include="..\..\..\VisualSearchEngine\VisualSearchEngine\Engine\Learners\RandomTrees\DecisionTree.cpp">
      <Filter>Library\others</Filter>
    </ClCompile>
    <ClCompile Include="..\..\..\VisualSearchEngine\VisualSearchEngine\Engine\Learners\SVM\jsvm.cpp">
      <Filter>Library\others</Filter>
    </ClCompile>
    <ClCompile Include="..\..\..\VisualSearchEngine\VisualSearchEngine\Engine\Processors\Attention\Geodesic\GeodesicSaliencyDetector.cpp">
      <Filter>Library\others</Filter>
    </ClCompile>
    <ClCompile Include="..\..\..\VisualSearchEngine\VisualSearchEngine\Engine\Processors\Attention\Geodesic\BGMapExtractor_Grid.cpp">
      <Filter>Library\others</Filter>
    </ClCompile>
    <ClCompile Include="..\..\..\VisualSearchEngine\VisualSearchEngine\Engine\Processors\Segmentation\IterativeSegmentor.cpp">
      <Filter>Library\segmentation</Filter>
    </ClCompile>
    <ClCompile Include="..\..\..\VisualSearchEngine\VisualSearchEngine\Engine\Common\Tools\Tools.cpp">
      <Filter>Library\others</Filter>
    </ClCompile>
    <ClCompile Include="..\..\..\VisualSearchEngine\VisualSearchEngine\Engine\Processors\ShapeAnalyzer.cpp">
      <Filter>Library\others</Filter>
    </ClCompile>
    <ClCompile Include="..\..\..\VisualSearchEngine\VisualSearchEngine\Engine\IO\Dataset\NYUDepth2DataMan.cpp">
      <Filter>Library\others</Filter>
    </ClCompile>
    <ClCompile Include="..\..\..\VisualSearchEngine\VisualSearchEngine\Engine\IO\Dataset\RGBDECCV14.cpp">
      <Filter>Library\others</Filter>
    </ClCompile>
    <ClCompile Include="..\..\..\VisualSearchEngine\VisualSearchEngine\Engine\Learners\LearnerTools.cpp">
      <Filter>Library\others</Filter>
    </ClCompile>
    <ClCompile Include="..\..\..\VisualSearchEngine\VisualSearchEngine\Engine\Processors\Attention\CenterSurroundFeatureContraster.cpp">
      <Filter>Library\others</Filter>
    </ClCompile>
    <ClCompile Include="..\..\..\VisualSearchEngine\VisualSearchEngine\Engine\Processors\Attention\Composition\SalientRGBDRegionDetector.cpp">
      <Filter>Library\others</Filter>
    </ClCompile>
    <ClCompile Include="Tester.cpp">
      <Filter>Source Files</Filter>
    </ClCompile>
    <ClCompile Include="..\..\..\VisualSearchEngine\VisualSearchEngine\Engine\Processors\Attention\Composition\SegmentBasedWindowComposer.cpp">
      <Filter>Library\others</Filter>
    </ClCompile>
    <ClCompile Include="..\..\..\VisualSearchEngine\VisualSearchEngine\Engine\Processors\Segmentation\SLIC.cpp">
      <Filter>Library\segmentation</Filter>
    </ClCompile>
    <ClCompile Include="Feature3D.cpp">
      <Filter>Source Files</Filter>
    </ClCompile>
    <ClCompile Include="PCLManager.cpp">
      <Filter>Source Files</Filter>
    </ClCompile>
  </ItemGroup>
</Project>